{
  "object": {
    "pins": [
      {
        "package": "OHHTTPStubs",
        "repositoryURL": "https://github.com/AliSoftware/OHHTTPStubs.git",
        "state": {
          "branch": null,
          "revision": "12f19662426d0434d6c330c6974d53e2eb10ecd9",
          "version": "9.1.0"
        }
      },
      {
        "package": "RxSwift",
        "repositoryURL": "https://github.com/ReactiveX/RxSwift",
        "state": {
          "branch": null,
          "revision": "b4307ba0b6425c0ba4178e138799946c3da594f8",
          "version": "6.5.0"
        }
      },
      {
        "package": "swift-algorithms",
        "repositoryURL": "https://github.com/apple/swift-algorithms.git",
        "state": {
          "branch": null,
          "revision": "b14b7f4c528c942f121c8b860b9410b2bf57825e",
          "version": "1.0.0"
        }
      },
      {
        "package": "swift-numerics",
        "repositoryURL": "https://github.com/apple/swift-numerics",
        "state": {
          "branch": null,
          "revision": "0a5bc04095a675662cf24757cc0640aa2204253b",
          "version": "1.0.2"
        }
      },
      {
        "package": "Swinject",
        "repositoryURL": "https://github.com/Swinject/Swinject",
        "state": {
          "branch": null,
          "revision": "f10b6e9ebff440f985c43008f7c2d097639fcb81",
          "version": "2.8.1"
        }
      }
    ]
  },
  "version": 1
}
